{
  "nodes": {
    "darwin": {
      "inputs": {
        "nixpkgs": [
          "nixpkgs-darwin"
        ]
      },
      "locked": {
        "lastModified": 1744224272,
        "narHash": "sha256-cqePj5nuC7flJWNncaVAFq1YZncU0PSyO0DEqGn+vYc=",
        "owner": "lnl7",
        "repo": "nix-darwin",
        "rev": "113883e37d985d26ecb65282766e5719f2539103",
        "type": "github"
      },
      "original": {
        "owner": "lnl7",
        "repo": "nix-darwin",
        "type": "github"
      }
    },
    "home-manager": {
      "inputs": {
        "nixpkgs": [
          "nixpkgs-darwin"
        ]
      },
      "locked": {
        "lastModified": 1744117652,
        "narHash": "sha256-t7dFCDl4vIOOUMhEZnJF15aAzkpaup9x4ZRGToDFYWI=",
        "owner": "nix-community",
        "repo": "home-manager",
        "rev": "b4e98224ad1336751a2ac7493967a4c9f6d9cb3f",
        "type": "github"
      },
      "original": {
        "owner": "nix-community",
        "ref": "release-24.11",
        "repo": "home-manager",
        "type": "github"
      }
    },
    "nixpkgs": {
      "locked": {
        "lastModified": 0,
        "narHash": "sha256-aizILFrPgq/W53Jw8i0a1h1GZAAKtlYOrG/A5r46gVM=",
        "path": "/nix/store/wiwcgq0wn3n1szp6i508kaidwzchxn2l-source",
        "type": "path"
      },
      "original": {
        "id": "nixpkgs",
        "type": "indirect"
      }
    },
    "nixpkgs-darwin": {
      "locked": {
        "lastModified": 1744157173,
        "narHash": "sha256-bWSjxDwq7iVePrhmA7tY2dyMWHuNJo8knkO4y+q4ZkY=",
        "owner": "nixos",
        "repo": "nixpkgs",
        "rev": "6a39c6e495eefabc935d8ddf66aa45d85b85fa3f",
        "type": "github"
      },
      "original": {
        "owner": "nixos",
        "ref": "nixpkgs-unstable",
        "repo": "nixpkgs",
        "type": "github"
      }
    },
    "root": {
      "inputs": {
        "darwin": "darwin",
        "home-manager": "home-manager",
        "nixpkgs": "nixpkgs",
        "nixpkgs-darwin": "nixpkgs-darwin"
      }
    }
  },
  "root": "root",
  "version": 7
}
